
Microsoft Visual Studio Solution File, Format Version 12.00
# Visual Studio Version 17
VisualStudioVersion = 17.4.33103.184
MinimumVisualStudioVersion = 10.0.40219.1
Project("{2150E333-8FDC-42A3-9474-1A3956D46DE8}") = "Services", "Services", "{8F955B12-288B-4B01-89C1-B6AD98908635}"
EndProject
Project("{2150E333-8FDC-42A3-9474-1A3956D46DE8}") = "WebApps", "WebApps", "{4C9DCE2E-DA8F-442A-945B-B1A30E8B353C}"
EndProject
Project("{2150E333-8FDC-42A3-9474-1A3956D46DE8}") = "Identity", "Identity", "{0D7BBBAD-DDA3-4189-BB92-21678B76622F}"
EndProject
Project("{2150E333-8FDC-42A3-9474-1A3956D46DE8}") = "SSTHub", "SSTHub", "{9F5A43E5-C963-4220-B411-7CBDEBD9D244}"
EndProject
Project("{9A19103F-16F7-4668-BE54-9A1E7A4F7556}") = "SSTHub.API", "src\Services\SSTHub\SSTHub.API\SSTHub.API.csproj", "{A7DB50CA-E7B1-4B14-AC45-EC2B61228FAF}"
EndProject
Project("{9A19103F-16F7-4668-BE54-9A1E7A4F7556}") = "SSTHub.Domain", "src\Services\SSTHub\SSTHub.Domain\SSTHub.Domain.csproj", "{CD20FCB5-86D2-4701-BCC8-BCB8EF07DF17}"
EndProject
Project("{9A19103F-16F7-4668-BE54-9A1E7A4F7556}") = "SSTHub.Infrastucture", "src\Services\SSTHub\SSTHub.Infrastucture\SSTHub.Infrastucture.csproj", "{61847F9B-BF07-4710-9D58-E5F61A53D431}"
EndProject
Project("{9A19103F-16F7-4668-BE54-9A1E7A4F7556}") = "SSTHub.Application", "src\Services\SSTHub\SSTHub.Application\SSTHub.Application.csproj", "{7433261B-2F7A-40EE-8322-9DA7E442FA85}"
EndProject
Project("{9A19103F-16F7-4668-BE54-9A1E7A4F7556}") = "WebAdminSPA", "src\WebApps\WebAdminSPA\WebAdminSPA.csproj", "{FF4BAD3C-55EE-4F46-A379-D74362824822}"
EndProject
Project("{9A19103F-16F7-4668-BE54-9A1E7A4F7556}") = "WebCustomerSPA", "src\WebApps\WebCustomerSPA\WebCustomerSPA.csproj", "{6314CA13-5176-43AD-AE2D-5A6DC418412E}"
EndProject
Project("{9A19103F-16F7-4668-BE54-9A1E7A4F7556}") = "SSTHub.Identity", "src\Services\Identity\SSTHub.Identity\SSTHub.Identity.csproj", "{E4D51FB6-41C9-4662-B4F5-948904E8F6F7}"
EndProject
Project("{2150E333-8FDC-42A3-9474-1A3956D46DE8}") = "Common", "Common", "{1B06B6EF-4B99-4D52-BCA0-ACE41A8670BC}"
EndProject
Project("{9A19103F-16F7-4668-BE54-9A1E7A4F7556}") = "SSTHub.Common", "src\Services\Common\SSTHub.Common\SSTHub.Common.csproj", "{AFB69700-E5D9-4A54-9D39-7EB979BCB138}"
EndProject
Project("{2150E333-8FDC-42A3-9474-1A3956D46DE8}") = "EmailSender", "EmailSender", "{4834451E-247A-499C-BC1F-5EAB6158EE17}"
EndProject
Project("{9A19103F-16F7-4668-BE54-9A1E7A4F7556}") = "SSTHub.EmailSender", "src\Services\EmailSender\SSTHub.EmailSender\SSTHub.EmailSender.csproj", "{3BA0C64B-EE07-4CD7-A278-C5215ACC349F}"
EndProject
Project("{2150E333-8FDC-42A3-9474-1A3956D46DE8}") = "src", "src", "{E8AF01F2-8EE3-4195-A802-AD9FDD406525}"
EndProject
Project("{2150E333-8FDC-42A3-9474-1A3956D46DE8}") = "tests", "tests", "{FE6E0B7E-33C9-42AC-B895-3A4B72B029C7}"
EndProject
Project("{9A19103F-16F7-4668-BE54-9A1E7A4F7556}") = "SSTHub.UnitTests", "tests\SSTHub.UnitTests\SSTHub.UnitTests.csproj", "{D4B25B1D-4A7D-415C-BDA3-BC4472AE1756}"
EndProject
Project("{9A19103F-16F7-4668-BE54-9A1E7A4F7556}") = "SSTHub.IntegrationTests", "tests\SSTHub.IntegrationTests\SSTHub.IntegrationTests.csproj", "{78513FEC-FC8D-41C8-98F5-5A2016332D38}"
EndProject
Project("{FAE04EC0-301F-11D3-BF4B-00C04F79EFBC}") = "WebIdentityBlazor", "src\WebApps\WebIdentityBlazor\WebIdentityBlazor.csproj", "{B9E7C112-BA4B-4E6C-BBE9-43C969809FDB}"
EndProject
Global
	GlobalSection(SolutionConfigurationPlatforms) = preSolution
		Debug|Any CPU = Debug|Any CPU
		Release|Any CPU = Release|Any CPU
	EndGlobalSection
	GlobalSection(ProjectConfigurationPlatforms) = postSolution
		{A7DB50CA-E7B1-4B14-AC45-EC2B61228FAF}.Debug|Any CPU.ActiveCfg = Debug|Any CPU
		{A7DB50CA-E7B1-4B14-AC45-EC2B61228FAF}.Debug|Any CPU.Build.0 = Debug|Any CPU
		{A7DB50CA-E7B1-4B14-AC45-EC2B61228FAF}.Release|Any CPU.ActiveCfg = Release|Any CPU
		{A7DB50CA-E7B1-4B14-AC45-EC2B61228FAF}.Release|Any CPU.Build.0 = Release|Any CPU
		{CD20FCB5-86D2-4701-BCC8-BCB8EF07DF17}.Debug|Any CPU.ActiveCfg = Debug|Any CPU
		{CD20FCB5-86D2-4701-BCC8-BCB8EF07DF17}.Debug|Any CPU.Build.0 = Debug|Any CPU
		{CD20FCB5-86D2-4701-BCC8-BCB8EF07DF17}.Release|Any CPU.ActiveCfg = Release|Any CPU
		{CD20FCB5-86D2-4701-BCC8-BCB8EF07DF17}.Release|Any CPU.Build.0 = Release|Any CPU
		{61847F9B-BF07-4710-9D58-E5F61A53D431}.Debug|Any CPU.ActiveCfg = Debug|Any CPU
		{61847F9B-BF07-4710-9D58-E5F61A53D431}.Debug|Any CPU.Build.0 = Debug|Any CPU
		{61847F9B-BF07-4710-9D58-E5F61A53D431}.Release|Any CPU.ActiveCfg = Release|Any CPU
		{61847F9B-BF07-4710-9D58-E5F61A53D431}.Release|Any CPU.Build.0 = Release|Any CPU
		{7433261B-2F7A-40EE-8322-9DA7E442FA85}.Debug|Any CPU.ActiveCfg = Debug|Any CPU
		{7433261B-2F7A-40EE-8322-9DA7E442FA85}.Debug|Any CPU.Build.0 = Debug|Any CPU
		{7433261B-2F7A-40EE-8322-9DA7E442FA85}.Release|Any CPU.ActiveCfg = Release|Any CPU
		{7433261B-2F7A-40EE-8322-9DA7E442FA85}.Release|Any CPU.Build.0 = Release|Any CPU
		{FF4BAD3C-55EE-4F46-A379-D74362824822}.Debug|Any CPU.ActiveCfg = Debug|Any CPU
		{FF4BAD3C-55EE-4F46-A379-D74362824822}.Debug|Any CPU.Build.0 = Debug|Any CPU
		{FF4BAD3C-55EE-4F46-A379-D74362824822}.Release|Any CPU.ActiveCfg = Release|Any CPU
		{FF4BAD3C-55EE-4F46-A379-D74362824822}.Release|Any CPU.Build.0 = Release|Any CPU
		{6314CA13-5176-43AD-AE2D-5A6DC418412E}.Debug|Any CPU.ActiveCfg = Debug|Any CPU
		{6314CA13-5176-43AD-AE2D-5A6DC418412E}.Debug|Any CPU.Build.0 = Debug|Any CPU
		{6314CA13-5176-43AD-AE2D-5A6DC418412E}.Release|Any CPU.ActiveCfg = Release|Any CPU
		{6314CA13-5176-43AD-AE2D-5A6DC418412E}.Release|Any CPU.Build.0 = Release|Any CPU
		{E4D51FB6-41C9-4662-B4F5-948904E8F6F7}.Debug|Any CPU.ActiveCfg = Debug|Any CPU
		{E4D51FB6-41C9-4662-B4F5-948904E8F6F7}.Debug|Any CPU.Build.0 = Debug|Any CPU
		{E4D51FB6-41C9-4662-B4F5-948904E8F6F7}.Release|Any CPU.ActiveCfg = Release|Any CPU
		{E4D51FB6-41C9-4662-B4F5-948904E8F6F7}.Release|Any CPU.Build.0 = Release|Any CPU
		{AFB69700-E5D9-4A54-9D39-7EB979BCB138}.Debug|Any CPU.ActiveCfg = Debug|Any CPU
		{AFB69700-E5D9-4A54-9D39-7EB979BCB138}.Debug|Any CPU.Build.0 = Debug|Any CPU
		{AFB69700-E5D9-4A54-9D39-7EB979BCB138}.Release|Any CPU.ActiveCfg = Release|Any CPU
		{AFB69700-E5D9-4A54-9D39-7EB979BCB138}.Release|Any CPU.Build.0 = Release|Any CPU
		{3BA0C64B-EE07-4CD7-A278-C5215ACC349F}.Debug|Any CPU.ActiveCfg = Debug|Any CPU
		{3BA0C64B-EE07-4CD7-A278-C5215ACC349F}.Debug|Any CPU.Build.0 = Debug|Any CPU
		{3BA0C64B-EE07-4CD7-A278-C5215ACC349F}.Release|Any CPU.ActiveCfg = Release|Any CPU
		{3BA0C64B-EE07-4CD7-A278-C5215ACC349F}.Release|Any CPU.Build.0 = Release|Any CPU
		{D4B25B1D-4A7D-415C-BDA3-BC4472AE1756}.Debug|Any CPU.ActiveCfg = Debug|Any CPU
		{D4B25B1D-4A7D-415C-BDA3-BC4472AE1756}.Debug|Any CPU.Build.0 = Debug|Any CPU
		{D4B25B1D-4A7D-415C-BDA3-BC4472AE1756}.Release|Any CPU.ActiveCfg = Release|Any CPU
		{D4B25B1D-4A7D-415C-BDA3-BC4472AE1756}.Release|Any CPU.Build.0 = Release|Any CPU
		{78513FEC-FC8D-41C8-98F5-5A2016332D38}.Debug|Any CPU.ActiveCfg = Debug|Any CPU
		{78513FEC-FC8D-41C8-98F5-5A2016332D38}.Debug|Any CPU.Build.0 = Debug|Any CPU
		{78513FEC-FC8D-41C8-98F5-5A2016332D38}.Release|Any CPU.ActiveCfg = Release|Any CPU
		{78513FEC-FC8D-41C8-98F5-5A2016332D38}.Release|Any CPU.Build.0 = Release|Any CPU
		{B9E7C112-BA4B-4E6C-BBE9-43C969809FDB}.Debug|Any CPU.ActiveCfg = Debug|Any CPU
		{B9E7C112-BA4B-4E6C-BBE9-43C969809FDB}.Debug|Any CPU.Build.0 = Debug|Any CPU
		{B9E7C112-BA4B-4E6C-BBE9-43C969809FDB}.Release|Any CPU.ActiveCfg = Release|Any CPU
		{B9E7C112-BA4B-4E6C-BBE9-43C969809FDB}.Release|Any CPU.Build.0 = Release|Any CPU
	EndGlobalSection
	GlobalSection(SolutionProperties) = preSolution
		HideSolutionNode = FALSE
	EndGlobalSection
	GlobalSection(NestedProjects) = preSolution
		{8F955B12-288B-4B01-89C1-B6AD98908635} = {E8AF01F2-8EE3-4195-A802-AD9FDD406525}
		{4C9DCE2E-DA8F-442A-945B-B1A30E8B353C} = {E8AF01F2-8EE3-4195-A802-AD9FDD406525}
		{0D7BBBAD-DDA3-4189-BB92-21678B76622F} = {8F955B12-288B-4B01-89C1-B6AD98908635}
		{9F5A43E5-C963-4220-B411-7CBDEBD9D244} = {8F955B12-288B-4B01-89C1-B6AD98908635}
		{A7DB50CA-E7B1-4B14-AC45-EC2B61228FAF} = {9F5A43E5-C963-4220-B411-7CBDEBD9D244}
		{CD20FCB5-86D2-4701-BCC8-BCB8EF07DF17} = {9F5A43E5-C963-4220-B411-7CBDEBD9D244}
		{61847F9B-BF07-4710-9D58-E5F61A53D431} = {9F5A43E5-C963-4220-B411-7CBDEBD9D244}
		{7433261B-2F7A-40EE-8322-9DA7E442FA85} = {9F5A43E5-C963-4220-B411-7CBDEBD9D244}
		{FF4BAD3C-55EE-4F46-A379-D74362824822} = {4C9DCE2E-DA8F-442A-945B-B1A30E8B353C}
		{6314CA13-5176-43AD-AE2D-5A6DC418412E} = {4C9DCE2E-DA8F-442A-945B-B1A30E8B353C}
		{E4D51FB6-41C9-4662-B4F5-948904E8F6F7} = {0D7BBBAD-DDA3-4189-BB92-21678B76622F}
		{1B06B6EF-4B99-4D52-BCA0-ACE41A8670BC} = {8F955B12-288B-4B01-89C1-B6AD98908635}
		{AFB69700-E5D9-4A54-9D39-7EB979BCB138} = {1B06B6EF-4B99-4D52-BCA0-ACE41A8670BC}
		{4834451E-247A-499C-BC1F-5EAB6158EE17} = {8F955B12-288B-4B01-89C1-B6AD98908635}
		{3BA0C64B-EE07-4CD7-A278-C5215ACC349F} = {4834451E-247A-499C-BC1F-5EAB6158EE17}
		{D4B25B1D-4A7D-415C-BDA3-BC4472AE1756} = {FE6E0B7E-33C9-42AC-B895-3A4B72B029C7}
		{78513FEC-FC8D-41C8-98F5-5A2016332D38} = {FE6E0B7E-33C9-42AC-B895-3A4B72B029C7}
		{B9E7C112-BA4B-4E6C-BBE9-43C969809FDB} = {4C9DCE2E-DA8F-442A-945B-B1A30E8B353C}
	EndGlobalSection
	GlobalSection(ExtensibilityGlobals) = postSolution
		SolutionGuid = {EB629520-6676-4A52-B484-08F8F62CABEB}
	EndGlobalSection
EndGlobal
