
Microsoft Visual Studio Solution File, Format Version 12.00
# Visual Studio Version 17
VisualStudioVersion = 17.7.34003.232
MinimumVisualStudioVersion = 10.0.40219.1
Project("{9A19103F-16F7-4668-BE54-9A1E7A4F7556}") = "SSTHub.API", "SSTHub.Admin\SSTHub.API.csproj", "{C16AA23F-78FD-47AB-94E9-1983BA172FC5}"
EndProject
Project("{9A19103F-16F7-4668-BE54-9A1E7A4F7556}") = "SSTHub.Domain", "SSTHub.Admin.Domain\SSTHub.Domain.csproj", "{81F864AB-5629-4392-A06C-5AF77AB14F8A}"
EndProject
Project("{9A19103F-16F7-4668-BE54-9A1E7A4F7556}") = "SSTHub.Application", "SSTHub.Admin.Application\SSTHub.Application.csproj", "{CA8AF85D-1FD3-4340-8376-E61A225E0525}"
EndProject
Project("{9A19103F-16F7-4668-BE54-9A1E7A4F7556}") = "SSTHub.Infrastructure", "SSTHub.Admin.Infrastructure\SSTHub.Infrastructure.csproj", "{B1392369-5EA5-4AC0-86D0-CA865B914BB8}"
EndProject
Project("{2150E333-8FDC-42A3-9474-1A3956D46DE8}") = "src", "src", "{7B65934A-FCA8-41A0-94B7-B271B2EE7D44}"
EndProject
Project("{2150E333-8FDC-42A3-9474-1A3956D46DE8}") = "SSTHub", "SSTHub", "{D8F992F6-8E05-4FF5-AB2D-1BD90F705E14}"
EndProject
Project("{2150E333-8FDC-42A3-9474-1A3956D46DE8}") = "WebApps", "WebApps", "{3329760E-94E5-4305-B099-ACE5A4BA1CD7}"
EndProject
Project("{2150E333-8FDC-42A3-9474-1A3956D46DE8}") = "Services", "Services", "{92AFA51D-C5E7-4F06-945C-A377FE3D02A1}"
EndProject
Project("{2150E333-8FDC-42A3-9474-1A3956D46DE8}") = "Identity", "Identity", "{451E0AF0-A317-4C29-89B0-3795AD06BCFA}"
EndProject
Project("{FAE04EC0-301F-11D3-BF4B-00C04F79EFBC}") = "AdminSPA", "AdminSPA\AdminSPA.csproj", "{1F0C856E-9249-48E5-A051-844252D79559}"
EndProject
Project("{FAE04EC0-301F-11D3-BF4B-00C04F79EFBC}") = "CustomerSPA", "CustomerSPA\CustomerSPA.csproj", "{EF8D2F43-7592-4617-A1DC-C818D7B17DCC}"
EndProject
Project("{FAE04EC0-301F-11D3-BF4B-00C04F79EFBC}") = "Identity.API", "Identity.API\Identity.API.csproj", "{14EED9CA-4F6E-41EA-900D-6A6B801D22B4}"
EndProject
Global
	GlobalSection(SolutionConfigurationPlatforms) = preSolution
		Debug|Any CPU = Debug|Any CPU
		Release|Any CPU = Release|Any CPU
	EndGlobalSection
	GlobalSection(ProjectConfigurationPlatforms) = postSolution
		{C16AA23F-78FD-47AB-94E9-1983BA172FC5}.Debug|Any CPU.ActiveCfg = Debug|Any CPU
		{C16AA23F-78FD-47AB-94E9-1983BA172FC5}.Debug|Any CPU.Build.0 = Debug|Any CPU
		{C16AA23F-78FD-47AB-94E9-1983BA172FC5}.Release|Any CPU.ActiveCfg = Release|Any CPU
		{C16AA23F-78FD-47AB-94E9-1983BA172FC5}.Release|Any CPU.Build.0 = Release|Any CPU
		{81F864AB-5629-4392-A06C-5AF77AB14F8A}.Debug|Any CPU.ActiveCfg = Debug|Any CPU
		{81F864AB-5629-4392-A06C-5AF77AB14F8A}.Debug|Any CPU.Build.0 = Debug|Any CPU
		{81F864AB-5629-4392-A06C-5AF77AB14F8A}.Release|Any CPU.ActiveCfg = Release|Any CPU
		{81F864AB-5629-4392-A06C-5AF77AB14F8A}.Release|Any CPU.Build.0 = Release|Any CPU
		{CA8AF85D-1FD3-4340-8376-E61A225E0525}.Debug|Any CPU.ActiveCfg = Debug|Any CPU
		{CA8AF85D-1FD3-4340-8376-E61A225E0525}.Debug|Any CPU.Build.0 = Debug|Any CPU
		{CA8AF85D-1FD3-4340-8376-E61A225E0525}.Release|Any CPU.ActiveCfg = Release|Any CPU
		{CA8AF85D-1FD3-4340-8376-E61A225E0525}.Release|Any CPU.Build.0 = Release|Any CPU
		{B1392369-5EA5-4AC0-86D0-CA865B914BB8}.Debug|Any CPU.ActiveCfg = Debug|Any CPU
		{B1392369-5EA5-4AC0-86D0-CA865B914BB8}.Debug|Any CPU.Build.0 = Debug|Any CPU
		{B1392369-5EA5-4AC0-86D0-CA865B914BB8}.Release|Any CPU.ActiveCfg = Release|Any CPU
		{B1392369-5EA5-4AC0-86D0-CA865B914BB8}.Release|Any CPU.Build.0 = Release|Any CPU
		{1F0C856E-9249-48E5-A051-844252D79559}.Debug|Any CPU.ActiveCfg = Debug|Any CPU
		{1F0C856E-9249-48E5-A051-844252D79559}.Debug|Any CPU.Build.0 = Debug|Any CPU
		{1F0C856E-9249-48E5-A051-844252D79559}.Release|Any CPU.ActiveCfg = Release|Any CPU
		{1F0C856E-9249-48E5-A051-844252D79559}.Release|Any CPU.Build.0 = Release|Any CPU
		{EF8D2F43-7592-4617-A1DC-C818D7B17DCC}.Debug|Any CPU.ActiveCfg = Debug|Any CPU
		{EF8D2F43-7592-4617-A1DC-C818D7B17DCC}.Debug|Any CPU.Build.0 = Debug|Any CPU
		{EF8D2F43-7592-4617-A1DC-C818D7B17DCC}.Release|Any CPU.ActiveCfg = Release|Any CPU
		{EF8D2F43-7592-4617-A1DC-C818D7B17DCC}.Release|Any CPU.Build.0 = Release|Any CPU
		{14EED9CA-4F6E-41EA-900D-6A6B801D22B4}.Debug|Any CPU.ActiveCfg = Debug|Any CPU
		{14EED9CA-4F6E-41EA-900D-6A6B801D22B4}.Debug|Any CPU.Build.0 = Debug|Any CPU
		{14EED9CA-4F6E-41EA-900D-6A6B801D22B4}.Release|Any CPU.ActiveCfg = Release|Any CPU
		{14EED9CA-4F6E-41EA-900D-6A6B801D22B4}.Release|Any CPU.Build.0 = Release|Any CPU
	EndGlobalSection
	GlobalSection(SolutionProperties) = preSolution
		HideSolutionNode = FALSE
	EndGlobalSection
	GlobalSection(NestedProjects) = preSolution
		{C16AA23F-78FD-47AB-94E9-1983BA172FC5} = {D8F992F6-8E05-4FF5-AB2D-1BD90F705E14}
		{81F864AB-5629-4392-A06C-5AF77AB14F8A} = {D8F992F6-8E05-4FF5-AB2D-1BD90F705E14}
		{CA8AF85D-1FD3-4340-8376-E61A225E0525} = {D8F992F6-8E05-4FF5-AB2D-1BD90F705E14}
		{B1392369-5EA5-4AC0-86D0-CA865B914BB8} = {D8F992F6-8E05-4FF5-AB2D-1BD90F705E14}
		{D8F992F6-8E05-4FF5-AB2D-1BD90F705E14} = {92AFA51D-C5E7-4F06-945C-A377FE3D02A1}
		{3329760E-94E5-4305-B099-ACE5A4BA1CD7} = {7B65934A-FCA8-41A0-94B7-B271B2EE7D44}
		{92AFA51D-C5E7-4F06-945C-A377FE3D02A1} = {7B65934A-FCA8-41A0-94B7-B271B2EE7D44}
		{451E0AF0-A317-4C29-89B0-3795AD06BCFA} = {92AFA51D-C5E7-4F06-945C-A377FE3D02A1}
		{1F0C856E-9249-48E5-A051-844252D79559} = {3329760E-94E5-4305-B099-ACE5A4BA1CD7}
		{EF8D2F43-7592-4617-A1DC-C818D7B17DCC} = {3329760E-94E5-4305-B099-ACE5A4BA1CD7}
		{14EED9CA-4F6E-41EA-900D-6A6B801D22B4} = {451E0AF0-A317-4C29-89B0-3795AD06BCFA}
	EndGlobalSection
	GlobalSection(ExtensibilityGlobals) = postSolution
		SolutionGuid = {26CCBC44-094E-4898-A8C2-B688582F66AE}
	EndGlobalSection
EndGlobal
